{
  "version": 4,
  "terraform_version": "1.0.4",
  "serial": 21,
  "lineage": "b5da350e-22be-bf60-9fbb-ac1137bd06c5",
  "outputs": {
    "server_public_ip": {
      "value": {
        "allocation_method": "Dynamic",
        "availability_zone": "No-Zone",
        "domain_name_label": null,
        "fqdn": null,
        "id": "/subscriptions/e33f937c-8f7e-439f-8ffc-88a83dd4bf65/resourceGroups/rg-1/providers/Microsoft.Network/publicIPAddresses/pub-ip",
        "idle_timeout_in_minutes": 4,
        "ip_address": "",
        "ip_tags": null,
        "ip_version": "IPv4",
        "location": "westus2",
        "name": "pub-ip",
        "public_ip_prefix_id": null,
        "resource_group_name": "rg-1",
        "reverse_fqdn": null,
        "sku": "Basic",
        "sku_tier": "Regional",
        "tags": {
          "environment": "Production"
        },
        "timeouts": null,
        "zones": []
      },
      "type": [
        "object",
        {
          "allocation_method": "string",
          "availability_zone": "string",
          "domain_name_label": "string",
          "fqdn": "string",
          "id": "string",
          "idle_timeout_in_minutes": "number",
          "ip_address": "string",
          "ip_tags": [
            "map",
            "string"
          ],
          "ip_version": "string",
          "location": "string",
          "name": "string",
          "public_ip_prefix_id": "string",
          "resource_group_name": "string",
          "reverse_fqdn": "string",
          "sku": "string",
          "sku_tier": "string",
          "tags": [
            "map",
            "string"
          ],
          "timeouts": [
            "object",
            {
              "create": "string",
              "delete": "string",
              "read": "string",
              "update": "string"
            }
          ],
          "zones": [
            "list",
            "string"
          ]
        }
      ]
    }
  },
  "resources": [
    {
      "mode": "managed",
      "type": "azurerm_linux_virtual_machine",
      "name": "prod-webserver",
      "provider": "provider[\"registry.terraform.io/hashicorp/azurerm\"]",
      "instances": [
        {
          "schema_version": 0,
          "attributes": {
            "additional_capabilities": [],
            "admin_password": "Admin1234!@#$",
            "admin_ssh_key": [],
            "admin_username": "adminuser",
            "allow_extension_operations": true,
            "availability_set_id": "",
            "boot_diagnostics": [],
            "computer_name": "prod-webserver",
            "custom_data": null,
            "dedicated_host_id": "",
            "disable_password_authentication": false,
            "encryption_at_host_enabled": false,
            "eviction_policy": "",
            "extensions_time_budget": "PT1H30M",
            "id": "/subscriptions/e33f937c-8f7e-439f-8ffc-88a83dd4bf65/resourceGroups/rg-1/providers/Microsoft.Compute/virtualMachines/prod-webserver",
            "identity": [],
            "license_type": "",
            "location": "westus2",
            "max_bid_price": -1,
            "name": "prod-webserver",
            "network_interface_ids": [
              "/subscriptions/e33f937c-8f7e-439f-8ffc-88a83dd4bf65/resourceGroups/rg-1/providers/Microsoft.Network/networkInterfaces/webserver-nic"
            ],
            "os_disk": [
              {
                "caching": "ReadWrite",
                "diff_disk_settings": [],
                "disk_encryption_set_id": "",
                "disk_size_gb": 30,
                "name": "prod-webserver_OsDisk_1_86c9a2cb6d5e4174ac3087c443902eb6",
                "storage_account_type": "Standard_LRS",
                "write_accelerator_enabled": false
              }
            ],
            "plan": [],
            "platform_fault_domain": -1,
            "priority": "Regular",
            "private_ip_address": "10.0.2.4",
            "private_ip_addresses": [
              "10.0.2.4"
            ],
            "provision_vm_agent": true,
            "proximity_placement_group_id": "",
            "public_ip_address": "52.156.86.224",
            "public_ip_addresses": [
              "52.156.86.224"
            ],
            "resource_group_name": "rg-1",
            "secret": [],
            "size": "Standard_F2",
            "source_image_id": "",
            "source_image_reference": [
              {
                "offer": "UbuntuServer",
                "publisher": "Canonical",
                "sku": "16.04-LTS",
                "version": "latest"
              }
            ],
            "tags": null,
            "timeouts": null,
            "virtual_machine_id": "920f02d5-4c03-4d9e-a1af-78c2e8211766",
            "virtual_machine_scale_set_id": "",
            "zone": ""
          },
          "sensitive_attributes": [],
          "private": "eyJlMmJmYjczMC1lY2FhLTExZTYtOGY4OC0zNDM2M2JjN2M0YzAiOnsiY3JlYXRlIjoyNzAwMDAwMDAwMDAwLCJkZWxldGUiOjI3MDAwMDAwMDAwMDAsInJlYWQiOjMwMDAwMDAwMDAwMCwidXBkYXRlIjoyNzAwMDAwMDAwMDAwfX0=",
          "dependencies": [
            "azurerm_network_interface.webserver-nic",
            "azurerm_public_ip.pub-ip",
            "azurerm_resource_group.rg-1",
            "azurerm_subnet.prod-subnet",
            "azurerm_virtual_network.prod-vnet"
          ]
        }
      ]
    },
    {
      "mode": "managed",
      "type": "azurerm_network_interface",
      "name": "webserver-nic",
      "provider": "provider[\"registry.terraform.io/hashicorp/azurerm\"]",
      "instances": [
        {
          "schema_version": 0,
          "attributes": {
            "applied_dns_servers": [],
            "dns_servers": [],
            "enable_accelerated_networking": false,
            "enable_ip_forwarding": false,
            "id": "/subscriptions/e33f937c-8f7e-439f-8ffc-88a83dd4bf65/resourceGroups/rg-1/providers/Microsoft.Network/networkInterfaces/webserver-nic",
            "internal_dns_name_label": "",
            "internal_domain_name_suffix": "5qxorz4cgv1uzp1borxs5anijd.xx.internal.cloudapp.net",
            "ip_configuration": [
              {
                "name": "internal",
                "primary": true,
                "private_ip_address": "10.0.2.4",
                "private_ip_address_allocation": "Dynamic",
                "private_ip_address_version": "IPv4",
                "public_ip_address_id": "/subscriptions/e33f937c-8f7e-439f-8ffc-88a83dd4bf65/resourceGroups/rg-1/providers/Microsoft.Network/publicIPAddresses/pub-ip",
                "subnet_id": "/subscriptions/e33f937c-8f7e-439f-8ffc-88a83dd4bf65/resourceGroups/rg-1/providers/Microsoft.Network/virtualNetworks/prod-vnet/subnets/prod-subnet"
              }
            ],
            "location": "westus2",
            "mac_address": "",
            "name": "webserver-nic",
            "private_ip_address": "10.0.2.4",
            "private_ip_addresses": [
              "10.0.2.4"
            ],
            "resource_group_name": "rg-1",
            "tags": null,
            "timeouts": null,
            "virtual_machine_id": ""
          },
          "sensitive_attributes": [],
          "private": "eyJlMmJmYjczMC1lY2FhLTExZTYtOGY4OC0zNDM2M2JjN2M0YzAiOnsiY3JlYXRlIjoxODAwMDAwMDAwMDAwLCJkZWxldGUiOjE4MDAwMDAwMDAwMDAsInJlYWQiOjMwMDAwMDAwMDAwMCwidXBkYXRlIjoxODAwMDAwMDAwMDAwfX0=",
          "dependencies": [
            "azurerm_public_ip.pub-ip",
            "azurerm_resource_group.rg-1",
            "azurerm_subnet.prod-subnet",
            "azurerm_virtual_network.prod-vnet"
          ]
        }
      ]
    },
    {
      "mode": "managed",
      "type": "azurerm_public_ip",
      "name": "pub-ip",
      "provider": "provider[\"registry.terraform.io/hashicorp/azurerm\"]",
      "instances": [
        {
          "schema_version": 0,
          "attributes": {
            "allocation_method": "Dynamic",
            "availability_zone": "No-Zone",
            "domain_name_label": null,
            "fqdn": null,
            "id": "/subscriptions/e33f937c-8f7e-439f-8ffc-88a83dd4bf65/resourceGroups/rg-1/providers/Microsoft.Network/publicIPAddresses/pub-ip",
            "idle_timeout_in_minutes": 4,
            "ip_address": "",
            "ip_tags": null,
            "ip_version": "IPv4",
            "location": "westus2",
            "name": "pub-ip",
            "public_ip_prefix_id": null,
            "resource_group_name": "rg-1",
            "reverse_fqdn": null,
            "sku": "Basic",
            "sku_tier": "Regional",
            "tags": {
              "environment": "Production"
            },
            "timeouts": null,
            "zones": []
          },
          "sensitive_attributes": [],
          "private": "eyJlMmJmYjczMC1lY2FhLTExZTYtOGY4OC0zNDM2M2JjN2M0YzAiOnsiY3JlYXRlIjoxODAwMDAwMDAwMDAwLCJkZWxldGUiOjE4MDAwMDAwMDAwMDAsInJlYWQiOjMwMDAwMDAwMDAwMCwidXBkYXRlIjoxODAwMDAwMDAwMDAwfX0=",
          "dependencies": [
            "azurerm_resource_group.rg-1"
          ]
        }
      ]
    },
    {
      "mode": "managed",
      "type": "azurerm_resource_group",
      "name": "rg-1",
      "provider": "provider[\"registry.terraform.io/hashicorp/azurerm\"]",
      "instances": [
        {
          "schema_version": 0,
          "attributes": {
            "id": "/subscriptions/e33f937c-8f7e-439f-8ffc-88a83dd4bf65/resourceGroups/rg-1",
            "location": "westus2",
            "name": "rg-1",
            "tags": null,
            "timeouts": null
          },
          "sensitive_attributes": [],
          "private": "eyJlMmJmYjczMC1lY2FhLTExZTYtOGY4OC0zNDM2M2JjN2M0YzAiOnsiY3JlYXRlIjo1NDAwMDAwMDAwMDAwLCJkZWxldGUiOjU0MDAwMDAwMDAwMDAsInJlYWQiOjMwMDAwMDAwMDAwMCwidXBkYXRlIjo1NDAwMDAwMDAwMDAwfX0="
        }
      ]
    },
    {
      "mode": "managed",
      "type": "azurerm_subnet",
      "name": "prod-subnet",
      "provider": "provider[\"registry.terraform.io/hashicorp/azurerm\"]",
      "instances": [
        {
          "schema_version": 0,
          "attributes": {
            "address_prefix": "10.0.2.0/24",
            "address_prefixes": [
              "10.0.2.0/24"
            ],
            "delegation": [],
            "enforce_private_link_endpoint_network_policies": false,
            "enforce_private_link_service_network_policies": false,
            "id": "/subscriptions/e33f937c-8f7e-439f-8ffc-88a83dd4bf65/resourceGroups/rg-1/providers/Microsoft.Network/virtualNetworks/prod-vnet/subnets/prod-subnet",
            "name": "prod-subnet",
            "resource_group_name": "rg-1",
            "service_endpoint_policy_ids": null,
            "service_endpoints": null,
            "timeouts": null,
            "virtual_network_name": "prod-vnet"
          },
          "sensitive_attributes": [],
          "private": "eyJlMmJmYjczMC1lY2FhLTExZTYtOGY4OC0zNDM2M2JjN2M0YzAiOnsiY3JlYXRlIjoxODAwMDAwMDAwMDAwLCJkZWxldGUiOjE4MDAwMDAwMDAwMDAsInJlYWQiOjMwMDAwMDAwMDAwMCwidXBkYXRlIjoxODAwMDAwMDAwMDAwfX0=",
          "dependencies": [
            "azurerm_resource_group.rg-1",
            "azurerm_virtual_network.prod-vnet"
          ]
        }
      ]
    },
    {
      "mode": "managed",
      "type": "azurerm_virtual_network",
      "name": "prod-vnet",
      "provider": "provider[\"registry.terraform.io/hashicorp/azurerm\"]",
      "instances": [
        {
          "schema_version": 0,
          "attributes": {
            "address_space": [
              "10.0.0.0/16"
            ],
            "bgp_community": "",
            "ddos_protection_plan": [],
            "dns_servers": [],
            "guid": "e7e82efc-35c2-4c77-bf61-746f2f81a84b",
            "id": "/subscriptions/e33f937c-8f7e-439f-8ffc-88a83dd4bf65/resourceGroups/rg-1/providers/Microsoft.Network/virtualNetworks/prod-vnet",
            "location": "westus2",
            "name": "prod-vnet",
            "resource_group_name": "rg-1",
            "subnet": [],
            "tags": null,
            "timeouts": null,
            "vm_protection_enabled": false
          },
          "sensitive_attributes": [],
          "private": "eyJlMmJmYjczMC1lY2FhLTExZTYtOGY4OC0zNDM2M2JjN2M0YzAiOnsiY3JlYXRlIjoxODAwMDAwMDAwMDAwLCJkZWxldGUiOjE4MDAwMDAwMDAwMDAsInJlYWQiOjMwMDAwMDAwMDAwMCwidXBkYXRlIjoxODAwMDAwMDAwMDAwfX0=",
          "dependencies": [
            "azurerm_resource_group.rg-1"
          ]
        }
      ]
    }
  ]
}
